# THIS IS AN AUTOGENERATED FILE. DO NOT EDIT THIS FILE DIRECTLY.
# yarn lockfile v1


"@eslint/eslintrc@^1.2.1":
  version "1.2.1"
  resolved "https://registry.npmjs.org/@eslint/eslintrc/-/eslintrc-1.2.1.tgz"
  dependencies:
    ajv "^6.12.4"
    debug "^4.3.2"
    espree "^9.3.1"
    globals "^13.9.0"
    ignore "^5.2.0"
    import-fresh "^3.2.1"
    js-yaml "^4.1.0"
    minimatch "^3.0.4"
    strip-json-comments "^3.1.1"

"@humanwhocodes/config-array@^0.9.2":
  version "0.9.5"
  resolved "https://registry.npmjs.org/@humanwhocodes/config-array/-/config-array-0.9.5.tgz"
  dependencies:
    "@humanwhocodes/object-schema" "^1.2.1"
    debug "^4.1.1"
    minimatch "^3.0.4"

"@humanwhocodes/object-schema@^1.2.1":
  version "1.2.1"
  resolved "https://registry.npmjs.org/@humanwhocodes/object-schema/-/object-schema-1.2.1.tgz"

"@nodelib/fs.scandir@2.1.5":
  version "2.1.5"
  resolved "https://registry.npmjs.org/@nodelib/fs.scandir/-/fs.scandir-2.1.5.tgz"
  dependencies:
    "@nodelib/fs.stat" "2.0.5"
    run-parallel "^1.1.9"

"@nodelib/fs.stat@2.0.5", "@nodelib/fs.stat@^2.0.2":
  version "2.0.5"
  resolved "https://registry.npmjs.org/@nodelib/fs.stat/-/fs.stat-2.0.5.tgz"

"@nodelib/fs.walk@^1.2.3":
  version "1.2.8"
  resolved "https://registry.npmjs.org/@nodelib/fs.walk/-/fs.walk-1.2.8.tgz"
  dependencies:
    "@nodelib/fs.scandir" "2.1.5"
    fastq "^1.6.0"

"@types/json-schema@^7.0.9":
  version "7.0.10"
  resolved "https://registry.npmjs.org/@types/json-schema/-/json-schema-7.0.10.tgz"

"@types/node@^17.0.23":
  version "17.0.23"
  resolved "https://registry.yarnpkg.com/@types/node/-/node-17.0.23.tgz#3b41a6e643589ac6442bdbd7a4a3ded62f33f7da"

"@typescript-eslint/eslint-plugin@^5.18.0":
  version "5.18.0"
  resolved "https://registry.yarnpkg.com/@typescript-eslint/eslint-plugin/-/eslint-plugin-5.18.0.tgz#950df411cec65f90d75d6320a03b2c98f6c3af7d"
  integrity sha512-tzrmdGMJI/uii9/V6lurMo4/o+dMTKDH82LkNjhJ3adCW22YQydoRs5MwTiqxGF9CSYxPxQ7EYb4jLNlIs+E+A==
  dependencies:
    "@typescript-eslint/scope-manager" "5.18.0"
    "@typescript-eslint/type-utils" "5.18.0"
    "@typescript-eslint/utils" "5.18.0"
    debug "^4.3.2"
    functional-red-black-tree "^1.0.1"
    ignore "^5.1.8"
    regexpp "^3.2.0"
    semver "^7.3.5"
    tsutils "^3.21.0"

"@typescript-eslint/parser@^5.18.0":
  version "5.18.0"
  resolved "https://registry.yarnpkg.com/@typescript-eslint/parser/-/parser-5.18.0.tgz#2bcd4ff21df33621df33e942ccb21cb897f004c6"
  integrity sha512-+08nYfurBzSSPndngnHvFw/fniWYJ5ymOrn/63oMIbgomVQOvIDhBoJmYZ9lwQOCnQV9xHGvf88ze3jFGUYooQ==
  dependencies:
    "@typescript-eslint/scope-manager" "5.18.0"
    "@typescript-eslint/types" "5.18.0"
    "@typescript-eslint/typescript-estree" "5.18.0"
    debug "^4.3.2"

"@typescript-eslint/scope-manager@5.18.0":
  version "5.18.0"
  resolved "https://registry.yarnpkg.com/@typescript-eslint/scope-manager/-/scope-manager-5.18.0.tgz#a7d7b49b973ba8cebf2a3710eefd457ef2fb5505"
  integrity sha512-C0CZML6NyRDj+ZbMqh9FnPscg2PrzSaVQg3IpTmpe0NURMVBXlghGZgMYqBw07YW73i0MCqSDqv2SbywnCS8jQ==
  dependencies:
    "@typescript-eslint/types" "5.18.0"
    "@typescript-eslint/visitor-keys" "5.18.0"

"@typescript-eslint/type-utils@5.18.0":
  version "5.18.0"
  resolved "https://registry.yarnpkg.com/@typescript-eslint/type-utils/-/type-utils-5.18.0.tgz#62dbfc8478abf36ba94a90ddf10be3cc8e471c74"
  integrity sha512-vcn9/6J5D6jtHxpEJrgK8FhaM8r6J1/ZiNu70ZUJN554Y3D9t3iovi6u7JF8l/e7FcBIxeuTEidZDR70UuCIfA==
  dependencies:
    "@typescript-eslint/utils" "5.18.0"
    debug "^4.3.2"
    tsutils "^3.21.0"

"@typescript-eslint/types@5.18.0":
  version "5.18.0"
  resolved "https://registry.yarnpkg.com/@typescript-eslint/types/-/types-5.18.0.tgz#4f0425d85fdb863071680983853c59a62ce9566e"
  integrity sha512-bhV1+XjM+9bHMTmXi46p1Led5NP6iqQcsOxgx7fvk6gGiV48c6IynY0apQb7693twJDsXiVzNXTflhplmaiJaw==

"@typescript-eslint/typescript-estree@5.18.0":
  version "5.18.0"
  resolved "https://registry.yarnpkg.com/@typescript-eslint/typescript-estree/-/typescript-estree-5.18.0.tgz#6498e5ee69a32e82b6e18689e2f72e4060986474"
  integrity sha512-wa+2VAhOPpZs1bVij9e5gyVu60ReMi/KuOx4LKjGx2Y3XTNUDJgQ+5f77D49pHtqef/klglf+mibuHs9TrPxdQ==
  dependencies:
    "@typescript-eslint/types" "5.18.0"
    "@typescript-eslint/visitor-keys" "5.18.0"
    debug "^4.3.2"
    globby "^11.0.4"
    is-glob "^4.0.3"
    semver "^7.3.5"
    tsutils "^3.21.0"

"@typescript-eslint/utils@5.18.0":
  version "5.18.0"
  resolved "https://registry.yarnpkg.com/@typescript-eslint/utils/-/utils-5.18.0.tgz#27fc84cf95c1a96def0aae31684cb43a37e76855"
  integrity sha512-+hFGWUMMri7OFY26TsOlGa+zgjEy1ssEipxpLjtl4wSll8zy85x0GrUSju/FHdKfVorZPYJLkF3I4XPtnCTewA==
  dependencies:
    "@types/json-schema" "^7.0.9"
    "@typescript-eslint/scope-manager" "5.18.0"
    "@typescript-eslint/types" "5.18.0"
    "@typescript-eslint/typescript-estree" "5.18.0"
    eslint-scope "^5.1.1"
    eslint-utils "^3.0.0"

"@typescript-eslint/visitor-keys@5.18.0":
  version "5.18.0"
  resolved "https://registry.yarnpkg.com/@typescript-eslint/visitor-keys/-/visitor-keys-5.18.0.tgz#c7c07709823804171d569017f3b031ced7253e60"
  integrity sha512-Hf+t+dJsjAKpKSkg3EHvbtEpFFb/1CiOHnvI8bjHgOD4/wAw3gKrA0i94LrbekypiZVanJu3McWJg7rWDMzRTg==
  dependencies:
    "@typescript-eslint/types" "5.18.0"
    eslint-visitor-keys "^3.0.0"

acorn-jsx@^5.3.1:
  version "5.3.2"
  resolved "https://registry.npmjs.org/acorn-jsx/-/acorn-jsx-5.3.2.tgz"

acorn@^8.7.0:
  version "8.7.0"
  resolved "https://registry.npmjs.org/acorn/-/acorn-8.7.0.tgz"

ajv@^6.10.0, ajv@^6.12.4:
  version "6.12.6"
  resolved "https://registry.npmjs.org/ajv/-/ajv-6.12.6.tgz"
  dependencies:
    fast-deep-equal "^3.1.1"
    fast-json-stable-stringify "^2.0.0"
    json-schema-traverse "^0.4.1"
    uri-js "^4.2.2"

ansi-regex@^5.0.1:
  version "5.0.1"
  resolved "https://registry.npmjs.org/ansi-regex/-/ansi-regex-5.0.1.tgz"

ansi-styles@^4.1.0:
  version "4.3.0"
  resolved "https://registry.npmjs.org/ansi-styles/-/ansi-styles-4.3.0.tgz"
  dependencies:
    color-convert "^2.0.1"

argparse@^2.0.1:
  version "2.0.1"
  resolved "https://registry.npmjs.org/argparse/-/argparse-2.0.1.tgz"

array-union@^2.1.0:
  version "2.1.0"
  resolved "https://registry.npmjs.org/array-union/-/array-union-2.1.0.tgz"

balanced-match@^1.0.0:
  version "1.0.2"
  resolved "https://registry.npmjs.org/balanced-match/-/balanced-match-1.0.2.tgz"

brace-expansion@^1.1.7:
  version "1.1.11"
  resolved "https://registry.npmjs.org/brace-expansion/-/brace-expansion-1.1.11.tgz"
  dependencies:
    balanced-match "^1.0.0"
    concat-map "0.0.1"

braces@^3.0.1:
  version "3.0.2"
  resolved "https://registry.npmjs.org/braces/-/braces-3.0.2.tgz"
  dependencies:
    fill-range "^7.0.1"

callsites@^3.0.0:
  version "3.1.0"
  resolved "https://registry.npmjs.org/callsites/-/callsites-3.1.0.tgz"

chalk@^4.0.0:
  version "4.1.2"
  resolved "https://registry.npmjs.org/chalk/-/chalk-4.1.2.tgz"
  dependencies:
    ansi-styles "^4.1.0"
    supports-color "^7.1.0"

color-convert@^2.0.1:
  version "2.0.1"
  resolved "https://registry.npmjs.org/color-convert/-/color-convert-2.0.1.tgz"
  dependencies:
    color-name "~1.1.4"

color-name@~1.1.4:
  version "1.1.4"
  resolved "https://registry.npmjs.org/color-name/-/color-name-1.1.4.tgz"

concat-map@0.0.1:
  version "0.0.1"
  resolved "https://registry.npmjs.org/concat-map/-/concat-map-0.0.1.tgz"

cross-spawn@^7.0.2:
  version "7.0.3"
  resolved "https://registry.npmjs.org/cross-spawn/-/cross-spawn-7.0.3.tgz"
  dependencies:
    path-key "^3.1.0"
    shebang-command "^2.0.0"
    which "^2.0.1"

debug@^4.1.1, debug@^4.3.2:
  version "4.3.4"
  resolved "https://registry.npmjs.org/debug/-/debug-4.3.4.tgz"
  dependencies:
    ms "2.1.2"

deep-is@^0.1.3:
  version "0.1.4"
  resolved "https://registry.npmjs.org/deep-is/-/deep-is-0.1.4.tgz"

dir-glob@^3.0.1:
  version "3.0.1"
  resolved "https://registry.npmjs.org/dir-glob/-/dir-glob-3.0.1.tgz"
  dependencies:
    path-type "^4.0.0"

doctrine@^3.0.0:
  version "3.0.0"
  resolved "https://registry.npmjs.org/doctrine/-/doctrine-3.0.0.tgz"
  dependencies:
    esutils "^2.0.2"

esbuild-android-64@0.14.32:
  version "0.14.32"
  resolved "https://registry.yarnpkg.com/esbuild-android-64/-/esbuild-android-64-0.14.32.tgz#cf23a9c6052bb48901f5541c7e5a4168495fca36"
  integrity sha512-q1qjB2UcoWehR9Yp9dO2RdJUeLLrXAYsbOU4tkYa+GmJzxTwuvOrMdvaemsXYqb7F4STVTca9KpfqGicEChtUg==

esbuild-android-arm64@0.14.32:
  version "0.14.32"
  resolved "https://registry.yarnpkg.com/esbuild-android-arm64/-/esbuild-android-arm64-0.14.32.tgz#5840407c8d8b577eea847eecce8df9610c0f58fd"
  integrity sha512-bs1uu+RuM15f8yjFc0FhPDE/6NID4fKl7beDVsGCme6Q8ld2IzRXmp5QaHurlcH93PFyQnUgVvdahIWgtK2QZw==

esbuild-darwin-64@0.14.32:
  version "0.14.32"
  resolved "https://registry.yarnpkg.com/esbuild-darwin-64/-/esbuild-darwin-64-0.14.32.tgz#c6defc12a60f27408f1a30bb233c9d0e66ea2a55"
  integrity sha512-6MekflAld28wYtzanwZTxQlxMPeYw/yv1ToFG2hpo3LGxOIE2mBD5IJaMCcyy1//EYvGnGToO3p6XKdbS8E1QQ==

esbuild-darwin-arm64@0.14.32:
  version "0.14.32"
  resolved "https://registry.yarnpkg.com/esbuild-darwin-arm64/-/esbuild-darwin-arm64-0.14.32.tgz#fc878496516a90fc4982ee7cf8f2d2f484dbd64a"
  integrity sha512-BHYIjiPDYQTD+4zwqdqRo+I2bbg3fn9mah/gZm4SCCy+7uwTTYOYobIunHT7wVCgxnFCr50PJUdaMrEoCImRbw==

esbuild-freebsd-64@0.14.32:
  version "0.14.32"
  resolved "https://registry.yarnpkg.com/esbuild-freebsd-64/-/esbuild-freebsd-64-0.14.32.tgz#c136e8e8bab8e7ea95a7fbe4b689d2c940bf48f2"
  integrity sha512-6BOBhtfAf9AlfjL1AvtfVOxwY82tHPfYrA0lskJpFjfiEMGTLU6e0vdOwb4+4x++gGz49azuGK0woYqdfL03uw==

esbuild-freebsd-arm64@0.14.32:
  version "0.14.32"
  resolved "https://registry.yarnpkg.com/esbuild-freebsd-arm64/-/esbuild-freebsd-arm64-0.14.32.tgz#46668a10e5a51665ed800b10a02b757bf6bc6fbf"
  integrity sha512-zIRR4gKQW56p/xLM8TlpxVBNiX0w3VoR9ZxfH4nrfJ7QiL0SYHRy8YPL5C7zMWRjSze2WxQRHfS9bHKdVrVXBw==

esbuild-linux-32@0.14.32:
  version "0.14.32"
  resolved "https://registry.yarnpkg.com/esbuild-linux-32/-/esbuild-linux-32-0.14.32.tgz#ac51a64f26f638618ff62a1a966babe065bc54cc"
  integrity sha512-kn0AkGtPvzA6xiv93/mavvZ7DVinu/ewh2F2S0/8mE8/PXi3D4+svZ6V3beV5DIH7vcHVuGhoooWav8HPF04tg==

esbuild-linux-64@0.14.32:
  version "0.14.32"
  resolved "https://registry.yarnpkg.com/esbuild-linux-64/-/esbuild-linux-64-0.14.32.tgz#a3dfeb772f339fb34f0ff61df753a70a01be243a"
  integrity sha512-Ie+PMvrPj/HCOmSc0QubKttDxP2iBtPzDu+b+V3HGDGwkGmVpDkyXx1NXp5LjkIphIay2QekMwy1dSw3KDqCew==

esbuild-linux-arm64@0.14.32:
  version "0.14.32"
  resolved "https://registry.yarnpkg.com/esbuild-linux-arm64/-/esbuild-linux-arm64-0.14.32.tgz#df2fead5c0d9228eede866359f35b3e0eef4e192"
  integrity sha512-ykoqKaxX95nB+lk2K/+qxr0ke+BxkeVi0yKOnymCR5Ive7IZDHa4BJX53NEGSBKLfWPwKE6SXTz8qcEewSntoA==

esbuild-linux-arm@0.14.32:
  version "0.14.32"
  resolved "https://registry.yarnpkg.com/esbuild-linux-arm/-/esbuild-linux-arm-0.14.32.tgz#64633aa6491e91d935324cf041795ebce18c071b"
  integrity sha512-R/Bvn/YQNDyvfN0SERh/I7hKPqN+nSSruQdVeiYEJ+jc3fUi73jXYAscpTQgIBeER/yXnEsgJGU/UQ9+sscr7A==

esbuild-linux-mips64le@0.14.32:
  version "0.14.32"
  resolved "https://registry.yarnpkg.com/esbuild-linux-mips64le/-/esbuild-linux-mips64le-0.14.32.tgz#f0a7a083e8fdfb6e4edffb93ec27de2c5d732f01"
  integrity sha512-IilnlBexpHpt/5po0cle/L/S6CYnwaq23UuAqWzxp+opHLOCNnyANpC1jOoP551aRx4JuZ7z3xZZ7bYQZB147w==

esbuild-linux-ppc64le@0.14.32:
  version "0.14.32"
  resolved "https://registry.yarnpkg.com/esbuild-linux-ppc64le/-/esbuild-linux-ppc64le-0.14.32.tgz#dc22b766dd4ddd20c28febe36e8b92b9c11faa63"
  integrity sha512-TR6l5nWZbfq7jSY+1vsiQjT4m67NWplNhbX6GBieZq6DBt0nTx1XgTZAdKROF7jTuaK7YrCYlPXtfO3w86Mysw==

esbuild-linux-riscv64@0.14.32:
  version "0.14.32"
  resolved "https://registry.yarnpkg.com/esbuild-linux-riscv64/-/esbuild-linux-riscv64-0.14.32.tgz#0ae09eee847de5993cbe1529591d5ca17c7303c5"
  integrity sha512-aSOcUzTeIAslfri8e+bMpyzQuxhcIiNhWyuCGGXum2PtxwYiUqR8/UCMYfwYtYkhr1yABOFOfs83mm9KBy5qCQ==

esbuild-linux-s390x@0.14.32:
  version "0.14.32"
  resolved "https://registry.yarnpkg.com/esbuild-linux-s390x/-/esbuild-linux-s390x-0.14.32.tgz#1297f9f130cd93495e7ce25c63a79dab223b89de"
  integrity sha512-dNlip+EvexxKjRZitFCWCd7DVk64c7R5ySr8aFEMHCb/RriNiyDxYJGzYWm4EMJsMRMupMUHlMY64BAa3Op9FA==

esbuild-netbsd-64@0.14.32:
  version "0.14.32"
  resolved "https://registry.yarnpkg.com/esbuild-netbsd-64/-/esbuild-netbsd-64-0.14.32.tgz#902bf5ba7c54db9c7274f019c4d006b1b963fb7d"
  integrity sha512-Pa3QByYqxzlBFQQQhjYBPg3WUfSjwibqzh1hC6mPDRUHnCeUcrLoBuIiG4xqOYEpQM9/kDowIBsrGIQEVWWdQA==

esbuild-openbsd-64@0.14.32:
  version "0.14.32"
  resolved "https://registry.yarnpkg.com/esbuild-openbsd-64/-/esbuild-openbsd-64-0.14.32.tgz#0fbfbdf555deeb05a8915daf0b71168d09773437"
  integrity sha512-uWKKqpCjkMY8TCIobFvaSETonQY3OrmgnoTCC3tF+lvMoneYjppB6akx7L5Xv0kP+1tnSbrIof1ca8PfqGUyjw==

esbuild-sunos-64@0.14.32:
  version "0.14.32"
  resolved "https://registry.yarnpkg.com/esbuild-sunos-64/-/esbuild-sunos-64-0.14.32.tgz#d493ca5222703dd0b8c489324d1517cd622618e8"
  integrity sha512-Ar+u3mBk0oVV4Fwv/qlinJZNIPPtTBSG+1W42o8lOaVxJ+rJgecDoeUN+5uyd9at0BK1SVrQ1qZ4wjHKB0qFpQ==

esbuild-windows-32@0.14.32:
  version "0.14.32"
  resolved "https://registry.yarnpkg.com/esbuild-windows-32/-/esbuild-windows-32-0.14.32.tgz#c6b0f4cf952c6f562a32fe763acab9fb8cb3912a"
  integrity sha512-rLMsbflMY6Hjh3rmQnCDVZahJQ7n+XfT6o1+no5pHRpDlMh38MHthgGh35q+EcOMgrGP3ppnw70rhJq80SaYTQ==

esbuild-windows-64@0.14.32:
  version "0.14.32"
  resolved "https://registry.yarnpkg.com/esbuild-windows-64/-/esbuild-windows-64-0.14.32.tgz#2ad9322a963fd26bb4818ad1c0ee7acde63ebb81"
  integrity sha512-OHnMMxYufVgLXIMnwLynLMKguHMrsVnWcehieSP9i6ZX31KEsOFYWrorcnTWOn4rbZVLSL10ofxLuVIgRW3SWw==

esbuild-windows-arm64@0.14.32:
  version "0.14.32"
  resolved "https://registry.yarnpkg.com/esbuild-windows-arm64/-/esbuild-windows-arm64-0.14.32.tgz#bb589106c0fd5d582cce62bd7995a6e5db52e7b4"
  integrity sha512-ddavy6IPUBySMfqDfG243TgtuqwQBNJQJPVaA4DaavmMfpBsUxFrSV+HzBWXTKU3I9EcuoEvIATLuQ7NJKxjwg==

esbuild@^0.14.32:
  version "0.14.32"
  resolved "https://registry.yarnpkg.com/esbuild/-/esbuild-0.14.32.tgz#f55245ccd4b820707147ac4cc69a2c3e1a76af03"
  integrity sha512-RuzVUP/bkStmnVHK6Gh3gjaMjfXNLqBqvYVDiS9JKl5KdRdRLUeW5Wo8NrbL7cL6CW7Cyak7SvACqyPOBuA8vA==
  optionalDependencies:
    esbuild-android-64 "0.14.32"
    esbuild-android-arm64 "0.14.32"
    esbuild-darwin-64 "0.14.32"
    esbuild-darwin-arm64 "0.14.32"
    esbuild-freebsd-64 "0.14.32"
    esbuild-freebsd-arm64 "0.14.32"
    esbuild-linux-32 "0.14.32"
    esbuild-linux-64 "0.14.32"
    esbuild-linux-arm "0.14.32"
    esbuild-linux-arm64 "0.14.32"
    esbuild-linux-mips64le "0.14.32"
    esbuild-linux-ppc64le "0.14.32"
    esbuild-linux-riscv64 "0.14.32"
    esbuild-linux-s390x "0.14.32"
    esbuild-netbsd-64 "0.14.32"
    esbuild-openbsd-64 "0.14.32"
    esbuild-sunos-64 "0.14.32"
    esbuild-windows-32 "0.14.32"
    esbuild-windows-64 "0.14.32"
    esbuild-windows-arm64 "0.14.32"

escape-string-regexp@^4.0.0:
  version "4.0.0"
  resolved "https://registry.npmjs.org/escape-string-regexp/-/escape-string-regexp-4.0.0.tgz"

eslint-scope@^5.1.1:
  version "5.1.1"
  resolved "https://registry.npmjs.org/eslint-scope/-/eslint-scope-5.1.1.tgz"
  dependencies:
    esrecurse "^4.3.0"
    estraverse "^4.1.1"

eslint-scope@^7.1.1:
  version "7.1.1"
  resolved "https://registry.npmjs.org/eslint-scope/-/eslint-scope-7.1.1.tgz"
  dependencies:
    esrecurse "^4.3.0"
    estraverse "^5.2.0"

eslint-utils@^3.0.0:
  version "3.0.0"
  resolved "https://registry.npmjs.org/eslint-utils/-/eslint-utils-3.0.0.tgz"
  dependencies:
    eslint-visitor-keys "^2.0.0"

eslint-visitor-keys@^2.0.0:
  version "2.1.0"
  resolved "https://registry.npmjs.org/eslint-visitor-keys/-/eslint-visitor-keys-2.1.0.tgz"

eslint-visitor-keys@^3.0.0, eslint-visitor-keys@^3.3.0:
  version "3.3.0"
  resolved "https://registry.npmjs.org/eslint-visitor-keys/-/eslint-visitor-keys-3.3.0.tgz"

eslint@^8.12.0:
  version "8.12.0"
  resolved "https://registry.yarnpkg.com/eslint/-/eslint-8.12.0.tgz#c7a5bd1cfa09079aae64c9076c07eada66a46e8e"
  dependencies:
    "@eslint/eslintrc" "^1.2.1"
    "@humanwhocodes/config-array" "^0.9.2"
    ajv "^6.10.0"
    chalk "^4.0.0"
    cross-spawn "^7.0.2"
    debug "^4.3.2"
    doctrine "^3.0.0"
    escape-string-regexp "^4.0.0"
    eslint-scope "^7.1.1"
    eslint-utils "^3.0.0"
    eslint-visitor-keys "^3.3.0"
    espree "^9.3.1"
    esquery "^1.4.0"
    esutils "^2.0.2"
    fast-deep-equal "^3.1.3"
    file-entry-cache "^6.0.1"
    functional-red-black-tree "^1.0.1"
    glob-parent "^6.0.1"
    globals "^13.6.0"
    ignore "^5.2.0"
    import-fresh "^3.0.0"
    imurmurhash "^0.1.4"
    is-glob "^4.0.0"
    js-yaml "^4.1.0"
    json-stable-stringify-without-jsonify "^1.0.1"
    levn "^0.4.1"
    lodash.merge "^4.6.2"
    minimatch "^3.0.4"
    natural-compare "^1.4.0"
    optionator "^0.9.1"
    regexpp "^3.2.0"
    strip-ansi "^6.0.1"
    strip-json-comments "^3.1.0"
    text-table "^0.2.0"
    v8-compile-cache "^2.0.3"

espree@^9.3.1:
  version "9.3.1"
  resolved "https://registry.npmjs.org/espree/-/espree-9.3.1.tgz"
  dependencies:
    acorn "^8.7.0"
    acorn-jsx "^5.3.1"
    eslint-visitor-keys "^3.3.0"

esquery@^1.4.0:
  version "1.4.0"
  resolved "https://registry.npmjs.org/esquery/-/esquery-1.4.0.tgz"
  dependencies:
    estraverse "^5.1.0"

esrecurse@^4.3.0:
  version "4.3.0"
  resolved "https://registry.npmjs.org/esrecurse/-/esrecurse-4.3.0.tgz"
  dependencies:
    estraverse "^5.2.0"

estraverse@^4.1.1:
  version "4.3.0"
  resolved "https://registry.npmjs.org/estraverse/-/estraverse-4.3.0.tgz"

estraverse@^5.1.0, estraverse@^5.2.0:
  version "5.3.0"
  resolved "https://registry.npmjs.org/estraverse/-/estraverse-5.3.0.tgz"

esutils@^2.0.2:
  version "2.0.3"
  resolved "https://registry.npmjs.org/esutils/-/esutils-2.0.3.tgz"

fast-deep-equal@^3.1.1, fast-deep-equal@^3.1.3:
  version "3.1.3"
  resolved "https://registry.npmjs.org/fast-deep-equal/-/fast-deep-equal-3.1.3.tgz"

fast-glob@^3.2.9:
  version "3.2.11"
  resolved "https://registry.npmjs.org/fast-glob/-/fast-glob-3.2.11.tgz"
  dependencies:
    "@nodelib/fs.stat" "^2.0.2"
    "@nodelib/fs.walk" "^1.2.3"
    glob-parent "^5.1.2"
    merge2 "^1.3.0"
    micromatch "^4.0.4"

fast-json-stable-stringify@^2.0.0:
  version "2.1.0"
  resolved "https://registry.npmjs.org/fast-json-stable-stringify/-/fast-json-stable-stringify-2.1.0.tgz"

fast-levenshtein@^2.0.6:
  version "2.0.6"
  resolved "https://registry.npmjs.org/fast-levenshtein/-/fast-levenshtein-2.0.6.tgz"

fastq@^1.6.0:
  version "1.13.0"
  resolved "https://registry.npmjs.org/fastq/-/fastq-1.13.0.tgz"
  dependencies:
    reusify "^1.0.4"

file-entry-cache@^6.0.1:
  version "6.0.1"
  resolved "https://registry.npmjs.org/file-entry-cache/-/file-entry-cache-6.0.1.tgz"
  dependencies:
    flat-cache "^3.0.4"

fill-range@^7.0.1:
  version "7.0.1"
  resolved "https://registry.npmjs.org/fill-range/-/fill-range-7.0.1.tgz"
  dependencies:
    to-regex-range "^5.0.1"

flat-cache@^3.0.4:
  version "3.0.4"
  resolved "https://registry.npmjs.org/flat-cache/-/flat-cache-3.0.4.tgz"
  dependencies:
    flatted "^3.1.0"
    rimraf "^3.0.2"

flatted@^3.1.0:
  version "3.2.5"
  resolved "https://registry.npmjs.org/flatted/-/flatted-3.2.5.tgz"

fs.realpath@^1.0.0:
  version "1.0.0"
  resolved "https://registry.npmjs.org/fs.realpath/-/fs.realpath-1.0.0.tgz"

functional-red-black-tree@^1.0.1:
  version "1.0.1"
  resolved "https://registry.npmjs.org/functional-red-black-tree/-/functional-red-black-tree-1.0.1.tgz"

glob-parent@^5.1.2:
  version "5.1.2"
  resolved "https://registry.npmjs.org/glob-parent/-/glob-parent-5.1.2.tgz"
  dependencies:
    is-glob "^4.0.1"

glob-parent@^6.0.1:
  version "6.0.2"
  resolved "https://registry.npmjs.org/glob-parent/-/glob-parent-6.0.2.tgz"
  dependencies:
    is-glob "^4.0.3"

glob@^7.1.3:
  version "7.2.0"
  resolved "https://registry.npmjs.org/glob/-/glob-7.2.0.tgz"
  dependencies:
    fs.realpath "^1.0.0"
    inflight "^1.0.4"
    inherits "2"
    minimatch "^3.0.4"
    once "^1.3.0"
    path-is-absolute "^1.0.0"

globals@^13.6.0, globals@^13.9.0:
  version "13.13.0"
  resolved "https://registry.npmjs.org/globals/-/globals-13.13.0.tgz"
  dependencies:
    type-fest "^0.20.2"

globby@^11.0.4:
  version "11.1.0"
  resolved "https://registry.npmjs.org/globby/-/globby-11.1.0.tgz"
  dependencies:
    array-union "^2.1.0"
    dir-glob "^3.0.1"
    fast-glob "^3.2.9"
    ignore "^5.2.0"
    merge2 "^1.4.1"
    slash "^3.0.0"

has-flag@^4.0.0:
  version "4.0.0"
  resolved "https://registry.npmjs.org/has-flag/-/has-flag-4.0.0.tgz"

ignore@^5.1.8, ignore@^5.2.0:
  version "5.2.0"
  resolved "https://registry.npmjs.org/ignore/-/ignore-5.2.0.tgz"

import-fresh@^3.0.0, import-fresh@^3.2.1:
  version "3.3.0"
  resolved "https://registry.npmjs.org/import-fresh/-/import-fresh-3.3.0.tgz"
  dependencies:
    parent-module "^1.0.0"
    resolve-from "^4.0.0"

imurmurhash@^0.1.4:
  version "0.1.4"
  resolved "https://registry.npmjs.org/imurmurhash/-/imurmurhash-0.1.4.tgz"

inflight@^1.0.4:
  version "1.0.6"
  resolved "https://registry.npmjs.org/inflight/-/inflight-1.0.6.tgz"
  dependencies:
    once "^1.3.0"
    wrappy "1"

inherits@2:
  version "2.0.4"
  resolved "https://registry.npmjs.org/inherits/-/inherits-2.0.4.tgz"

is-extglob@^2.1.1:
  version "2.1.1"
  resolved "https://registry.npmjs.org/is-extglob/-/is-extglob-2.1.1.tgz"

is-glob@^4.0.0, is-glob@^4.0.1, is-glob@^4.0.3:
  version "4.0.3"
  resolved "https://registry.npmjs.org/is-glob/-/is-glob-4.0.3.tgz"
  dependencies:
    is-extglob "^2.1.1"

is-number@^7.0.0:
  version "7.0.0"
  resolved "https://registry.npmjs.org/is-number/-/is-number-7.0.0.tgz"

isexe@^2.0.0:
  version "2.0.0"
  resolved "https://registry.npmjs.org/isexe/-/isexe-2.0.0.tgz"

js-yaml@^4.1.0:
  version "4.1.0"
  resolved "https://registry.npmjs.org/js-yaml/-/js-yaml-4.1.0.tgz"
  dependencies:
    argparse "^2.0.1"

json-schema-traverse@^0.4.1:
  version "0.4.1"
  resolved "https://registry.npmjs.org/json-schema-traverse/-/json-schema-traverse-0.4.1.tgz"

json-stable-stringify-without-jsonify@^1.0.1:
  version "1.0.1"
  resolved "https://registry.npmjs.org/json-stable-stringify-without-jsonify/-/json-stable-stringify-without-jsonify-1.0.1.tgz"

levn@^0.4.1:
  version "0.4.1"
  resolved "https://registry.npmjs.org/levn/-/levn-0.4.1.tgz"
  dependencies:
    prelude-ls "^1.2.1"
    type-check "~0.4.0"

lodash.merge@^4.6.2:
  version "4.6.2"
  resolved "https://registry.npmjs.org/lodash.merge/-/lodash.merge-4.6.2.tgz"

lru-cache@^6.0.0:
  version "6.0.0"
  resolved "https://registry.npmjs.org/lru-cache/-/lru-cache-6.0.0.tgz"
  dependencies:
    yallist "^4.0.0"

merge2@^1.3.0, merge2@^1.4.1:
  version "1.4.1"
  resolved "https://registry.npmjs.org/merge2/-/merge2-1.4.1.tgz"

micromatch@^4.0.4:
  version "4.0.4"
  resolved "https://registry.npmjs.org/micromatch/-/micromatch-4.0.4.tgz"
  dependencies:
    braces "^3.0.1"
    picomatch "^2.2.3"

minimatch@^3.0.4:
  version "3.1.2"
  resolved "https://registry.npmjs.org/minimatch/-/minimatch-3.1.2.tgz"
  dependencies:
    brace-expansion "^1.1.7"

ms@2.1.2:
  version "2.1.2"
  resolved "https://registry.npmjs.org/ms/-/ms-2.1.2.tgz"

natural-compare@^1.4.0:
  version "1.4.0"
  resolved "https://registry.npmjs.org/natural-compare/-/natural-compare-1.4.0.tgz"

once@^1.3.0:
  version "1.4.0"
  resolved "https://registry.npmjs.org/once/-/once-1.4.0.tgz"
  dependencies:
    wrappy "1"

optionator@^0.9.1:
  version "0.9.1"
  resolved "https://registry.npmjs.org/optionator/-/optionator-0.9.1.tgz"
  dependencies:
    deep-is "^0.1.3"
    fast-levenshtein "^2.0.6"
    levn "^0.4.1"
    prelude-ls "^1.2.1"
    type-check "^0.4.0"
    word-wrap "^1.2.3"

parent-module@^1.0.0:
  version "1.0.1"
  resolved "https://registry.npmjs.org/parent-module/-/parent-module-1.0.1.tgz"
  dependencies:
    callsites "^3.0.0"

path-is-absolute@^1.0.0:
  version "1.0.1"
  resolved "https://registry.npmjs.org/path-is-absolute/-/path-is-absolute-1.0.1.tgz"

path-key@^3.1.0:
  version "3.1.1"
  resolved "https://registry.npmjs.org/path-key/-/path-key-3.1.1.tgz"

path-type@^4.0.0:
  version "4.0.0"
  resolved "https://registry.npmjs.org/path-type/-/path-type-4.0.0.tgz"

picomatch@^2.2.3:
  version "2.3.1"
  resolved "https://registry.npmjs.org/picomatch/-/picomatch-2.3.1.tgz"

prelude-ls@^1.2.1:
  version "1.2.1"
  resolved "https://registry.npmjs.org/prelude-ls/-/prelude-ls-1.2.1.tgz"

punycode@^2.1.0:
  version "2.1.1"
  resolved "https://registry.npmjs.org/punycode/-/punycode-2.1.1.tgz"

queue-microtask@^1.2.2:
  version "1.2.3"
  resolved "https://registry.npmjs.org/queue-microtask/-/queue-microtask-1.2.3.tgz"

regexpp@^3.2.0:
  version "3.2.0"
  resolved "https://registry.npmjs.org/regexpp/-/regexpp-3.2.0.tgz"

resolve-from@^4.0.0:
  version "4.0.0"
  resolved "https://registry.npmjs.org/resolve-from/-/resolve-from-4.0.0.tgz"

reusify@^1.0.4:
  version "1.0.4"
  resolved "https://registry.npmjs.org/reusify/-/reusify-1.0.4.tgz"

rimraf@^3.0.2:
  version "3.0.2"
  resolved "https://registry.npmjs.org/rimraf/-/rimraf-3.0.2.tgz"
  dependencies:
    glob "^7.1.3"

run-parallel@^1.1.9:
  version "1.2.0"
  resolved "https://registry.npmjs.org/run-parallel/-/run-parallel-1.2.0.tgz"
  dependencies:
    queue-microtask "^1.2.2"

semver@^7.3.5:
  version "7.3.5"
  resolved "https://registry.npmjs.org/semver/-/semver-7.3.5.tgz"
  dependencies:
    lru-cache "^6.0.0"

shebang-command@^2.0.0:
  version "2.0.0"
  resolved "https://registry.npmjs.org/shebang-command/-/shebang-command-2.0.0.tgz"
  dependencies:
    shebang-regex "^3.0.0"

shebang-regex@^3.0.0:
  version "3.0.0"
  resolved "https://registry.npmjs.org/shebang-regex/-/shebang-regex-3.0.0.tgz"

slash@^3.0.0:
  version "3.0.0"
  resolved "https://registry.npmjs.org/slash/-/slash-3.0.0.tgz"

strip-ansi@^6.0.1:
  version "6.0.1"
  resolved "https://registry.npmjs.org/strip-ansi/-/strip-ansi-6.0.1.tgz"
  dependencies:
    ansi-regex "^5.0.1"

strip-json-comments@^3.1.0, strip-json-comments@^3.1.1:
  version "3.1.1"
  resolved "https://registry.npmjs.org/strip-json-comments/-/strip-json-comments-3.1.1.tgz"

supports-color@^7.1.0:
  version "7.2.0"
  resolved "https://registry.npmjs.org/supports-color/-/supports-color-7.2.0.tgz"
  dependencies:
    has-flag "^4.0.0"

text-table@^0.2.0:
  version "0.2.0"
  resolved "https://registry.npmjs.org/text-table/-/text-table-0.2.0.tgz"

to-regex-range@^5.0.1:
  version "5.0.1"
  resolved "https://registry.npmjs.org/to-regex-range/-/to-regex-range-5.0.1.tgz"
  dependencies:
    is-number "^7.0.0"

toml@^3.0.0:
  version "3.0.0"
  resolved "https://registry.npmjs.org/toml/-/toml-3.0.0.tgz"

tslib@^1.8.1:
  version "1.14.1"
  resolved "https://registry.npmjs.org/tslib/-/tslib-1.14.1.tgz"

tsutils@^3.21.0:
  version "3.21.0"
  resolved "https://registry.npmjs.org/tsutils/-/tsutils-3.21.0.tgz"
  dependencies:
    tslib "^1.8.1"

type-check@^0.4.0, type-check@~0.4.0:
  version "0.4.0"
  resolved "https://registry.npmjs.org/type-check/-/type-check-0.4.0.tgz"
  dependencies:
    prelude-ls "^1.2.1"

type-fest@^0.20.2:
  version "0.20.2"
  resolved "https://registry.npmjs.org/type-fest/-/type-fest-0.20.2.tgz"

typescript@^4.6.3:
  version "4.6.3"
  resolved "https://registry.npmjs.org/typescript/-/typescript-4.6.3.tgz"

uri-js@^4.2.2:
  version "4.4.1"
  resolved "https://registry.npmjs.org/uri-js/-/uri-js-4.4.1.tgz"
  dependencies:
    punycode "^2.1.0"

v8-compile-cache@^2.0.3:
  version "2.3.0"
  resolved "https://registry.npmjs.org/v8-compile-cache/-/v8-compile-cache-2.3.0.tgz"

which@^2.0.1:
  version "2.0.2"
  resolved "https://registry.npmjs.org/which/-/which-2.0.2.tgz"
  dependencies:
    isexe "^2.0.0"

word-wrap@^1.2.3:
  version "1.2.3"
  resolved "https://registry.npmjs.org/word-wrap/-/word-wrap-1.2.3.tgz"

wrappy@1:
  version "1.0.2"
  resolved "https://registry.npmjs.org/wrappy/-/wrappy-1.0.2.tgz"

yallist@^4.0.0:
  version "4.0.0"
  resolved "https://registry.npmjs.org/yallist/-/yallist-4.0.0.tgz"
